<?xml version="1.0" encoding="utf-8"?>
<Project ToolsVersion="4.0" xmlns="http://schemas.microsoft.com/developer/msbuild/2003">
  <ItemGroup>
    <Filter Include="Source Files">
      <UniqueIdentifier>{4FC737F1-C7A5-4376-A066-2A32D752A2FF}</UniqueIdentifier>
      <Extensions>cpp;c;cc;cxx;c++;cppm;ixx;def;odl;idl;hpj;bat;asm;asmx</Extensions>
    </Filter>
    <Filter Include="Header Files">
      <UniqueIdentifier>{93995380-89BD-4b04-88EB-625FBE52EBFB}</UniqueIdentifier>
      <Extensions>h;hh;hpp;hxx;h++;hm;inl;inc;ipp;xsd</Extensions>
    </Filter>
    <Filter Include="Resource Files">
      <UniqueIdentifier>{67DA6AB6-F800-4c08-8B7A-83BB121AAD01}</UniqueIdentifier>
      <Extensions>rc;ico;cur;bmp;dlg;rc2;rct;bin;rgs;gif;jpg;jpeg;jpe;resx;tiff;tif;png;wav;mfcribbon-ms</Extensions>
    </Filter>
  </ItemGroup>
  <ItemGroup>
    <ClCompile Include="main.cpp">
      <Filter>Source Files</Filter>
    </ClCompile>
    <ClCompile Include="bus.cpp">
      <Filter>Source Files</Filter>
    </ClCompile>
    <ClCompile Include="cpu.cpp">
      <Filter>Source Files</Filter>
    </ClCompile>
    <ClCompile Include="renderer.cpp">
      <Filter>Source Files</Filter>
    </ClCompile>
    <ClCompile Include="gamepak.cpp">
      <Filter>Source Files</Filter>
    </ClCompile>
    <ClCompile Include="fetch_decode_execute.cpp">
      <Filter>Source Files</Filter>
    </ClCompile>
    <ClCompile Include="ppu.cpp">
      <Filter>Source Files</Filter>
    </ClCompile>
    <ClCompile Include="fifo.cpp">
      <Filter>Source Files</Filter>
    </ClCompile>
    <ClCompile Include="fetcher.cpp">
      <Filter>Source Files</Filter>
    </ClCompile>
    <ClCompile Include="dma_controller.cpp">
      <Filter>Source Files</Filter>
    </ClCompile>
    <ClCompile Include="vram_renderer.cpp">
      <Filter>Source Files</Filter>
    </ClCompile>
  </ItemGroup>
  <ItemGroup>
    <None Include="bios.bin">
      <Filter>Resource Files</Filter>
    </None>
    <None Include="empty.bin">
      <Filter>Resource Files</Filter>
    </None>
    <None Include="roms\TETRIS.gb" />
    <None Include="roms\blargg cpu.gb" />
    <None Include="cpp.hint" />
    <None Include="roms\POKEMON YELLOW.sav" />
    <None Include="roms\blargg\01-special.gb" />
    <None Include="roms\blargg\02-interrupts.gb" />
    <None Include="roms\blargg\03-op sp,hl.gb" />
    <None Include="roms\blargg\04-op r,imm.gb" />
    <None Include="roms\blargg\05-op rp.gb" />
    <None Include="roms\blargg\06-ld r,r.gb" />
    <None Include="roms\blargg\07-jr,jp,call,ret,rst.gb" />
    <None Include="roms\blargg\08-misc instrs.gb" />
    <None Include="roms\blargg\09-op r,r.gb" />
    <None Include="roms\blargg\10-bit ops.gb" />
    <None Include="roms\blargg\11-op a,(hl).gb" />
    <None Include="roms\blargg\full.gb" />
    <None Include="roms\POKEMON YELLOW.gbc" />
    <None Include="TETRIS.gb" />
    <None Include="roms\DR.MARIO.gb" />
  </ItemGroup>
  <ItemGroup>
    <ClInclude Include="bus.hpp">
      <Filter>Header Files</Filter>
    </ClInclude>
    <ClInclude Include="config.h">
      <Filter>Header Files</Filter>
    </ClInclude>
    <ClInclude Include="cpu.hpp">
      <Filter>Header Files</Filter>
    </ClInclude>
    <ClInclude Include="renderer.hpp">
      <Filter>Header Files</Filter>
    </ClInclude>
    <ClInclude Include="gamepak.hpp">
      <Filter>Header Files</Filter>
    </ClInclude>
    <ClInclude Include="ppu.hpp">
      <Filter>Header Files</Filter>
    </ClInclude>
    <ClInclude Include="joypad_mapping.h">
      <Filter>Header Files</Filter>
    </ClInclude>
    <ClInclude Include="fifo.hpp">
      <Filter>Header Files</Filter>
    </ClInclude>
    <ClInclude Include="fetcher.hpp">
      <Filter>Header Files</Filter>
    </ClInclude>
    <ClInclude Include="FIFO_pixel.hpp">
      <Filter>Header Files</Filter>
    </ClInclude>
    <ClInclude Include="dma_controller.hpp">
      <Filter>Header Files</Filter>
    </ClInclude>
    <ClInclude Include="vram_renderer.hpp">
      <Filter>Header Files</Filter>
    </ClInclude>
  </ItemGroup>
</Project>