
Microsoft Visual Studio Solution File, Format Version 12.00
# Visual Studio Version 16
VisualStudioVersion = 16.0.31605.320
MinimumVisualStudioVersion = 10.0.40219.1
Project("{8BC9CEB8-8B4A-11D0-8D11-00A0C91BC942}") = "emuboy", "emuboy.vcxproj", "{21716AF1-D538-44EA-AB2F-AC0F5346FD95}"
EndProject
Project("{8BC9CEB8-8B4A-11D0-8D11-00A0C91BC942}") = "emuboy_test", "..\emuboy_test\emuboy_test.vcxproj", "{64F43417-7591-456E-8DA2-A80D556B771C}"
EndProject
Global
	GlobalSection(SolutionConfigurationPlatforms) = preSolution
		Debug|x64 = Debug|x64
		Debug|x86 = Debug|x86
		Release|x64 = Release|x64
		Release|x86 = Release|x86
		Testing|x64 = Testing|x64
		Testing|x86 = Testing|x86
	EndGlobalSection
	GlobalSection(ProjectConfigurationPlatforms) = postSolution
		{21716AF1-D538-44EA-AB2F-AC0F5346FD95}.Debug|x64.ActiveCfg = Debug|x64
		{21716AF1-D538-44EA-AB2F-AC0F5346FD95}.Debug|x64.Build.0 = Debug|x64
		{21716AF1-D538-44EA-AB2F-AC0F5346FD95}.Debug|x86.ActiveCfg = Debug|Win32
		{21716AF1-D538-44EA-AB2F-AC0F5346FD95}.Debug|x86.Build.0 = Debug|Win32
		{21716AF1-D538-44EA-AB2F-AC0F5346FD95}.Release|x64.ActiveCfg = Release|x64
		{21716AF1-D538-44EA-AB2F-AC0F5346FD95}.Release|x64.Build.0 = Release|x64
		{21716AF1-D538-44EA-AB2F-AC0F5346FD95}.Release|x86.ActiveCfg = Release|Win32
		{21716AF1-D538-44EA-AB2F-AC0F5346FD95}.Release|x86.Build.0 = Release|Win32
		{21716AF1-D538-44EA-AB2F-AC0F5346FD95}.Testing|x64.ActiveCfg = Testing|x64
		{21716AF1-D538-44EA-AB2F-AC0F5346FD95}.Testing|x64.Build.0 = Testing|x64
		{21716AF1-D538-44EA-AB2F-AC0F5346FD95}.Testing|x86.ActiveCfg = Testing|Win32
		{21716AF1-D538-44EA-AB2F-AC0F5346FD95}.Testing|x86.Build.0 = Testing|Win32
		{64F43417-7591-456E-8DA2-A80D556B771C}.Debug|x64.ActiveCfg = Debug|x64
		{64F43417-7591-456E-8DA2-A80D556B771C}.Debug|x64.Build.0 = Debug|x64
		{64F43417-7591-456E-8DA2-A80D556B771C}.Debug|x86.ActiveCfg = Debug|Win32
		{64F43417-7591-456E-8DA2-A80D556B771C}.Debug|x86.Build.0 = Debug|Win32
		{64F43417-7591-456E-8DA2-A80D556B771C}.Release|x64.ActiveCfg = Release|x64
		{64F43417-7591-456E-8DA2-A80D556B771C}.Release|x64.Build.0 = Release|x64
		{64F43417-7591-456E-8DA2-A80D556B771C}.Release|x86.ActiveCfg = Release|Win32
		{64F43417-7591-456E-8DA2-A80D556B771C}.Release|x86.Build.0 = Release|Win32
		{64F43417-7591-456E-8DA2-A80D556B771C}.Testing|x64.ActiveCfg = Debug|x64
		{64F43417-7591-456E-8DA2-A80D556B771C}.Testing|x64.Build.0 = Debug|x64
		{64F43417-7591-456E-8DA2-A80D556B771C}.Testing|x86.ActiveCfg = Debug|Win32
		{64F43417-7591-456E-8DA2-A80D556B771C}.Testing|x86.Build.0 = Debug|Win32
	EndGlobalSection
	GlobalSection(SolutionProperties) = preSolution
		HideSolutionNode = FALSE
	EndGlobalSection
	GlobalSection(ExtensibilityGlobals) = postSolution
		SolutionGuid = {0FCA2D79-DD54-4621-8942-A406657A32B8}
	EndGlobalSection
EndGlobal
